
Microsoft Visual Studio Solution File, Format Version 12.00
# Visual Studio Version 16
VisualStudioVersion = 16.0.30907.101
MinimumVisualStudioVersion = 10.0.40219.1
Project("{FAE04EC0-301F-11D3-BF4B-00C04F79EFBC}") = "RepairsMigrator", "RepairsMigrator\RepairsMigrator.csproj", "{CF2E68AF-D57D-473C-B2BC-6667F16EFE47}"
EndProject
Global
	GlobalSection(SolutionConfigurationPlatforms) = preSolution
		Debug|Any CPU = Debug|Any CPU
		Release|Any CPU = Release|Any CPU
	EndGlobalSection
	GlobalSection(ProjectConfigurationPlatforms) = postSolution
		{CF2E68AF-D57D-473C-B2BC-6667F16EFE47}.Debug|Any CPU.ActiveCfg = Debug|Any CPU
		{CF2E68AF-D57D-473C-B2BC-6667F16EFE47}.Debug|Any CPU.Build.0 = Debug|Any CPU
		{CF2E68AF-D57D-473C-B2BC-6667F16EFE47}.Release|Any CPU.ActiveCfg = Release|Any CPU
		{CF2E68AF-D57D-473C-B2BC-6667F16EFE47}.Release|Any CPU.Build.0 = Release|Any CPU
	EndGlobalSection
	GlobalSection(SolutionProperties) = preSolution
		HideSolutionNode = FALSE
	EndGlobalSection
	GlobalSection(ExtensibilityGlobals) = postSolution
		SolutionGuid = {A275FCA3-1483-42EA-92F4-960D6698E026}
	EndGlobalSection
EndGlobal
