
Microsoft Visual Studio Solution File, Format Version 12.00
# Visual Studio Version 16
VisualStudioVersion = 16.0.30907.101
MinimumVisualStudioVersion = 10.0.40219.1
Project("{9A19103F-16F7-4668-BE54-9A1E7A4F7556}") = "RepairsMigrator", "RepairsMigrator\RepairsMigrator.csproj", "{CF2E68AF-D57D-473C-B2BC-6667F16EFE47}"
EndProject
Project("{9A19103F-16F7-4668-BE54-9A1E7A4F7556}") = "Core.Test", "Core.Test\Core.Test.csproj", "{BF253559-04B4-43A5-9195-58C61F5AE607}"
EndProject
Project("{9A19103F-16F7-4668-BE54-9A1E7A4F7556}") = "Core", "Core\Core.csproj", "{2B961496-A6BA-42CA-B20E-BD5DA941C167}"
EndProject
Project("{9A19103F-16F7-4668-BE54-9A1E7A4F7556}") = "CSV", "CSV\CSV.csproj", "{493BCB9E-2588-44CD-9C4E-ABDB8505436A}"
EndProject
Project("{9A19103F-16F7-4668-BE54-9A1E7A4F7556}") = "Google", "Google\Google.csproj", "{3CBCC0E4-EDF3-40E9-B525-10D20100F54F}"
EndProject
Project("{9A19103F-16F7-4668-BE54-9A1E7A4F7556}") = "DB", "DB\DB.csproj", "{12B58FFF-9AF3-4962-AEEB-9E0F7C333CCE}"
EndProject
Project("{9A19103F-16F7-4668-BE54-9A1E7A4F7556}") = "DB.Test", "DB.Test\DB.Test.csproj", "{2ADC15FB-E327-4CEF-9B2F-7D384D05C293}"
EndProject
Project("{FAE04EC0-301F-11D3-BF4B-00C04F79EFBC}") = "RepairsMigrator.Test", "RepairsMigrator.Test\RepairsMigrator.Test.csproj", "{DB27038B-31BD-4534-A155-C5BDA69E8A93}"
EndProject
Global
	GlobalSection(SolutionConfigurationPlatforms) = preSolution
		Debug|Any CPU = Debug|Any CPU
		Release|Any CPU = Release|Any CPU
	EndGlobalSection
	GlobalSection(ProjectConfigurationPlatforms) = postSolution
		{CF2E68AF-D57D-473C-B2BC-6667F16EFE47}.Debug|Any CPU.ActiveCfg = Debug|Any CPU
		{CF2E68AF-D57D-473C-B2BC-6667F16EFE47}.Debug|Any CPU.Build.0 = Debug|Any CPU
		{CF2E68AF-D57D-473C-B2BC-6667F16EFE47}.Release|Any CPU.ActiveCfg = Release|Any CPU
		{CF2E68AF-D57D-473C-B2BC-6667F16EFE47}.Release|Any CPU.Build.0 = Release|Any CPU
		{BF253559-04B4-43A5-9195-58C61F5AE607}.Debug|Any CPU.ActiveCfg = Debug|Any CPU
		{BF253559-04B4-43A5-9195-58C61F5AE607}.Debug|Any CPU.Build.0 = Debug|Any CPU
		{BF253559-04B4-43A5-9195-58C61F5AE607}.Release|Any CPU.ActiveCfg = Release|Any CPU
		{BF253559-04B4-43A5-9195-58C61F5AE607}.Release|Any CPU.Build.0 = Release|Any CPU
		{2B961496-A6BA-42CA-B20E-BD5DA941C167}.Debug|Any CPU.ActiveCfg = Debug|Any CPU
		{2B961496-A6BA-42CA-B20E-BD5DA941C167}.Debug|Any CPU.Build.0 = Debug|Any CPU
		{2B961496-A6BA-42CA-B20E-BD5DA941C167}.Release|Any CPU.ActiveCfg = Release|Any CPU
		{2B961496-A6BA-42CA-B20E-BD5DA941C167}.Release|Any CPU.Build.0 = Release|Any CPU
		{493BCB9E-2588-44CD-9C4E-ABDB8505436A}.Debug|Any CPU.ActiveCfg = Debug|Any CPU
		{493BCB9E-2588-44CD-9C4E-ABDB8505436A}.Debug|Any CPU.Build.0 = Debug|Any CPU
		{493BCB9E-2588-44CD-9C4E-ABDB8505436A}.Release|Any CPU.ActiveCfg = Release|Any CPU
		{493BCB9E-2588-44CD-9C4E-ABDB8505436A}.Release|Any CPU.Build.0 = Release|Any CPU
		{3CBCC0E4-EDF3-40E9-B525-10D20100F54F}.Debug|Any CPU.ActiveCfg = Debug|Any CPU
		{3CBCC0E4-EDF3-40E9-B525-10D20100F54F}.Debug|Any CPU.Build.0 = Debug|Any CPU
		{3CBCC0E4-EDF3-40E9-B525-10D20100F54F}.Release|Any CPU.ActiveCfg = Release|Any CPU
		{3CBCC0E4-EDF3-40E9-B525-10D20100F54F}.Release|Any CPU.Build.0 = Release|Any CPU
		{12B58FFF-9AF3-4962-AEEB-9E0F7C333CCE}.Debug|Any CPU.ActiveCfg = Debug|Any CPU
		{12B58FFF-9AF3-4962-AEEB-9E0F7C333CCE}.Debug|Any CPU.Build.0 = Debug|Any CPU
		{12B58FFF-9AF3-4962-AEEB-9E0F7C333CCE}.Release|Any CPU.ActiveCfg = Release|Any CPU
		{12B58FFF-9AF3-4962-AEEB-9E0F7C333CCE}.Release|Any CPU.Build.0 = Release|Any CPU
		{2ADC15FB-E327-4CEF-9B2F-7D384D05C293}.Debug|Any CPU.ActiveCfg = Debug|Any CPU
		{2ADC15FB-E327-4CEF-9B2F-7D384D05C293}.Debug|Any CPU.Build.0 = Debug|Any CPU
		{2ADC15FB-E327-4CEF-9B2F-7D384D05C293}.Release|Any CPU.ActiveCfg = Release|Any CPU
		{2ADC15FB-E327-4CEF-9B2F-7D384D05C293}.Release|Any CPU.Build.0 = Release|Any CPU
		{DB27038B-31BD-4534-A155-C5BDA69E8A93}.Debug|Any CPU.ActiveCfg = Debug|Any CPU
		{DB27038B-31BD-4534-A155-C5BDA69E8A93}.Debug|Any CPU.Build.0 = Debug|Any CPU
		{DB27038B-31BD-4534-A155-C5BDA69E8A93}.Release|Any CPU.ActiveCfg = Release|Any CPU
		{DB27038B-31BD-4534-A155-C5BDA69E8A93}.Release|Any CPU.Build.0 = Release|Any CPU
	EndGlobalSection
	GlobalSection(SolutionProperties) = preSolution
		HideSolutionNode = FALSE
	EndGlobalSection
	GlobalSection(ExtensibilityGlobals) = postSolution
		SolutionGuid = {A275FCA3-1483-42EA-92F4-960D6698E026}
	EndGlobalSection
EndGlobal
